
Microsoft Visual Studio Solution File, Format Version 12.00
# Visual Studio Version 17
VisualStudioVersion = 17.11.35312.102
MinimumVisualStudioVersion = 10.0.40219.1
Project("{FAE04EC0-301F-11D3-BF4B-00C04F79EFBC}") = "Badminton", "Badminton\Badminton.csproj", "{E869DB52-9BFD-437F-97CA-632D56F801E9}"
EndProject
Global
	GlobalSection(SolutionConfigurationPlatforms) = preSolution
		Debug|Any CPU = Debug|Any CPU
		Release|Any CPU = Release|Any CPU
	EndGlobalSection
	GlobalSection(ProjectConfigurationPlatforms) = postSolution
		{E869DB52-9BFD-437F-97CA-632D56F801E9}.Debug|Any CPU.ActiveCfg = Debug|Any CPU
		{E869DB52-9BFD-437F-97CA-632D56F801E9}.Debug|Any CPU.Build.0 = Debug|Any CPU
		{E869DB52-9BFD-437F-97CA-632D56F801E9}.Release|Any CPU.ActiveCfg = Release|Any CPU
		{E869DB52-9BFD-437F-97CA-632D56F801E9}.Release|Any CPU.Build.0 = Release|Any CPU
	EndGlobalSection
	GlobalSection(SolutionProperties) = preSolution
		HideSolutionNode = FALSE
	EndGlobalSection
	GlobalSection(ExtensibilityGlobals) = postSolution
		SolutionGuid = {F4D8DE1E-2D91-4C0E-981C-F2E9F32ED530}
	EndGlobalSection
EndGlobal
